
Microsoft Visual Studio Solution File, Format Version 12.00
# Visual Studio Version 17
VisualStudioVersion = 17.9.34728.123
MinimumVisualStudioVersion = 10.0.40219.1
Project("{FAE04EC0-301F-11D3-BF4B-00C04F79EFBC}") = "DemoUniReg.Api", "DemoUniReg.Api\DemoUniReg.Api.csproj", "{1FA3EDB6-965F-43DA-A480-CE4BAA086B45}"
EndProject
Global
	GlobalSection(SolutionConfigurationPlatforms) = preSolution
		Debug|Any CPU = Debug|Any CPU
		Release|Any CPU = Release|Any CPU
	EndGlobalSection
	GlobalSection(ProjectConfigurationPlatforms) = postSolution
		{1FA3EDB6-965F-43DA-A480-CE4BAA086B45}.Debug|Any CPU.ActiveCfg = Debug|Any CPU
		{1FA3EDB6-965F-43DA-A480-CE4BAA086B45}.Debug|Any CPU.Build.0 = Debug|Any CPU
		{1FA3EDB6-965F-43DA-A480-CE4BAA086B45}.Release|Any CPU.ActiveCfg = Release|Any CPU
		{1FA3EDB6-965F-43DA-A480-CE4BAA086B45}.Release|Any CPU.Build.0 = Release|Any CPU
	EndGlobalSection
	GlobalSection(SolutionProperties) = preSolution
		HideSolutionNode = FALSE
	EndGlobalSection
	GlobalSection(ExtensibilityGlobals) = postSolution
		SolutionGuid = {39F4707F-EAB1-4627-AE76-F135BC69BC7A}
	EndGlobalSection
EndGlobal
